
Microsoft Visual Studio Solution File, Format Version 12.00
# Visual Studio Version 16
VisualStudioVersion = 16.0.33130.400
MinimumVisualStudioVersion = 10.0.40219.1
Project("{FAE04EC0-301F-11D3-BF4B-00C04F79EFBC}") = "CXMLDecompilerRCO", "CXMLDecompilerRCO\CXMLDecompilerRCO.csproj", "{92AF96C4-F148-4F3F-8B12-724F3F9DEA8C}"
EndProject
Global
	GlobalSection(SolutionConfigurationPlatforms) = preSolution
		Debug|Any CPU = Debug|Any CPU
		Release|Any CPU = Release|Any CPU
	EndGlobalSection
	GlobalSection(ProjectConfigurationPlatforms) = postSolution
		{92AF96C4-F148-4F3F-8B12-724F3F9DEA8C}.Debug|Any CPU.ActiveCfg = Debug|Any CPU
		{92AF96C4-F148-4F3F-8B12-724F3F9DEA8C}.Debug|Any CPU.Build.0 = Debug|Any CPU
		{92AF96C4-F148-4F3F-8B12-724F3F9DEA8C}.Release|Any CPU.ActiveCfg = Release|Any CPU
		{92AF96C4-F148-4F3F-8B12-724F3F9DEA8C}.Release|Any CPU.Build.0 = Release|Any CPU
	EndGlobalSection
	GlobalSection(SolutionProperties) = preSolution
		HideSolutionNode = FALSE
	EndGlobalSection
	GlobalSection(ExtensibilityGlobals) = postSolution
		SolutionGuid = {ED591834-32FC-45B6-A8CB-A72EDCCFA0EB}
	EndGlobalSection
EndGlobal
